
Microsoft Visual Studio Solution File, Format Version 12.00
# Visual Studio Version 17
VisualStudioVersion = 17.8.34525.116
MinimumVisualStudioVersion = 10.0.40219.1
Project("{9A19103F-16F7-4668-BE54-9A1E7A4F7556}") = "AVS", "AVS\AVS.csproj", "{9280B505-1F3A-4F6F-AA73-B728B5FEBA73}"
EndProject
Global
	GlobalSection(SolutionConfigurationPlatforms) = preSolution
		Debug|Any CPU = Debug|Any CPU
		Release|Any CPU = Release|Any CPU
	EndGlobalSection
	GlobalSection(ProjectConfigurationPlatforms) = postSolution
		{9280B505-1F3A-4F6F-AA73-B728B5FEBA73}.Debug|Any CPU.ActiveCfg = Debug|Any CPU
		{9280B505-1F3A-4F6F-AA73-B728B5FEBA73}.Debug|Any CPU.Build.0 = Debug|Any CPU
		{9280B505-1F3A-4F6F-AA73-B728B5FEBA73}.Release|Any CPU.ActiveCfg = Release|Any CPU
		{9280B505-1F3A-4F6F-AA73-B728B5FEBA73}.Release|Any CPU.Build.0 = Release|Any CPU
	EndGlobalSection
	GlobalSection(SolutionProperties) = preSolution
		HideSolutionNode = FALSE
	EndGlobalSection
	GlobalSection(ExtensibilityGlobals) = postSolution
		SolutionGuid = {949CB059-330F-40A5-BAA5-1C8596B60541}
	EndGlobalSection
EndGlobal
